
Microsoft Visual Studio Solution File, Format Version 12.00
# Visual Studio 15
VisualStudioVersion = 15.0.28307.902
MinimumVisualStudioVersion = 10.0.40219.1
Project("{FAE04EC0-301F-11D3-BF4B-00C04F79EFBC}") = "WebApiFinbeCore", "WebApiFinbeCore\WebApiFinbeCore.csproj", "{32FACADE-F608-43BC-88F0-6EEE257D77EC}"
EndProject
Project("{FAE04EC0-301F-11D3-BF4B-00C04F79EFBC}") = "WebApiFinbeCore.Domain", "WebApiFinbeCore.Domain\WebApiFinbeCore.Domain.csproj", "{3A7E40BA-7EE6-4A8A-9A58-F888233524CC}"
EndProject
Project("{FAE04EC0-301F-11D3-BF4B-00C04F79EFBC}") = "WebApiFinbeCore.Model", "WebApiFinbeCore.Model\WebApiFinbeCore.Model.csproj", "{F9FD3D19-D32E-4319-8BBD-46737FB23174}"
EndProject
Global
	GlobalSection(SolutionConfigurationPlatforms) = preSolution
		Debug|Any CPU = Debug|Any CPU
		Release|Any CPU = Release|Any CPU
	EndGlobalSection
	GlobalSection(ProjectConfigurationPlatforms) = postSolution
		{32FACADE-F608-43BC-88F0-6EEE257D77EC}.Debug|Any CPU.ActiveCfg = Debug|Any CPU
		{32FACADE-F608-43BC-88F0-6EEE257D77EC}.Debug|Any CPU.Build.0 = Debug|Any CPU
		{32FACADE-F608-43BC-88F0-6EEE257D77EC}.Release|Any CPU.ActiveCfg = Release|Any CPU
		{32FACADE-F608-43BC-88F0-6EEE257D77EC}.Release|Any CPU.Build.0 = Release|Any CPU
		{3A7E40BA-7EE6-4A8A-9A58-F888233524CC}.Debug|Any CPU.ActiveCfg = Debug|Any CPU
		{3A7E40BA-7EE6-4A8A-9A58-F888233524CC}.Debug|Any CPU.Build.0 = Debug|Any CPU
		{3A7E40BA-7EE6-4A8A-9A58-F888233524CC}.Release|Any CPU.ActiveCfg = Release|Any CPU
		{3A7E40BA-7EE6-4A8A-9A58-F888233524CC}.Release|Any CPU.Build.0 = Release|Any CPU
		{F9FD3D19-D32E-4319-8BBD-46737FB23174}.Debug|Any CPU.ActiveCfg = Debug|Any CPU
		{F9FD3D19-D32E-4319-8BBD-46737FB23174}.Debug|Any CPU.Build.0 = Debug|Any CPU
		{F9FD3D19-D32E-4319-8BBD-46737FB23174}.Release|Any CPU.ActiveCfg = Release|Any CPU
		{F9FD3D19-D32E-4319-8BBD-46737FB23174}.Release|Any CPU.Build.0 = Release|Any CPU
	EndGlobalSection
	GlobalSection(SolutionProperties) = preSolution
		HideSolutionNode = FALSE
	EndGlobalSection
	GlobalSection(ExtensibilityGlobals) = postSolution
		SolutionGuid = {52881AEC-A0BF-477E-87D1-FD9D18A303C3}
	EndGlobalSection
EndGlobal
